
Microsoft Visual Studio Solution File, Format Version 12.00
# Visual Studio Version 17
VisualStudioVersion = 17.7.34024.191
MinimumVisualStudioVersion = 10.0.40219.1
Project("{9A19103F-16F7-4668-BE54-9A1E7A4F7556}") = "TierPension", "TierPension\TierPension.csproj", "{834C86B1-C536-45F2-A8B5-D9184F2F629F}"
EndProject
Project("{2150E333-8FDC-42A3-9474-1A3956D46DE8}") = "Solution Items", "Solution Items", "{B2909574-EDFD-49F8-BA74-2610F1CC188A}"
	ProjectSection(SolutionItems) = preProject
		.editorconfig = .editorconfig
	EndProjectSection
EndProject
Global
	GlobalSection(SolutionConfigurationPlatforms) = preSolution
		Debug|Any CPU = Debug|Any CPU
		Release|Any CPU = Release|Any CPU
	EndGlobalSection
	GlobalSection(ProjectConfigurationPlatforms) = postSolution
		{834C86B1-C536-45F2-A8B5-D9184F2F629F}.Debug|Any CPU.ActiveCfg = Debug|Any CPU
		{834C86B1-C536-45F2-A8B5-D9184F2F629F}.Debug|Any CPU.Build.0 = Debug|Any CPU
		{834C86B1-C536-45F2-A8B5-D9184F2F629F}.Release|Any CPU.ActiveCfg = Release|Any CPU
		{834C86B1-C536-45F2-A8B5-D9184F2F629F}.Release|Any CPU.Build.0 = Release|Any CPU
	EndGlobalSection
	GlobalSection(SolutionProperties) = preSolution
		HideSolutionNode = FALSE
	EndGlobalSection
	GlobalSection(ExtensibilityGlobals) = postSolution
		SolutionGuid = {F2AE74BD-058D-4915-B844-C8EE7882F138}
	EndGlobalSection
EndGlobal
